
Microsoft Visual Studio Solution File, Format Version 12.00
# Visual Studio 15
VisualStudioVersion = 15.0.28307.271
MinimumVisualStudioVersion = 10.0.40219.1
Project("{FAE04EC0-301F-11D3-BF4B-00C04F79EFBC}") = "WebAPISample", "WebAPISample\WebAPISample.csproj", "{025813F3-D185-4B6F-AA78-B63F09D85F26}"
EndProject
Global
	GlobalSection(SolutionConfigurationPlatforms) = preSolution
		Debug|Any CPU = Debug|Any CPU
		Release|Any CPU = Release|Any CPU
	EndGlobalSection
	GlobalSection(ProjectConfigurationPlatforms) = postSolution
		{025813F3-D185-4B6F-AA78-B63F09D85F26}.Debug|Any CPU.ActiveCfg = Debug|Any CPU
		{025813F3-D185-4B6F-AA78-B63F09D85F26}.Debug|Any CPU.Build.0 = Debug|Any CPU
		{025813F3-D185-4B6F-AA78-B63F09D85F26}.Release|Any CPU.ActiveCfg = Release|Any CPU
		{025813F3-D185-4B6F-AA78-B63F09D85F26}.Release|Any CPU.Build.0 = Release|Any CPU
	EndGlobalSection
	GlobalSection(SolutionProperties) = preSolution
		HideSolutionNode = FALSE
	EndGlobalSection
	GlobalSection(ExtensibilityGlobals) = postSolution
		SolutionGuid = {D1A23CC5-4480-4749-A375-EBB409B73593}
	EndGlobalSection
EndGlobal
